
Microsoft Visual Studio Solution File, Format Version 12.00
# Visual Studio 15
Project("{FAE04EC0-301F-11D3-BF4B-00C04F79EFBC}") = "Assembly-CSharp", "Assembly-CSharp.csproj", "{B2A601CB-3384-4599-E9A1-8A5DFD564AE2}"
EndProject
Project("{FAE04EC0-301F-11D3-BF4B-00C04F79EFBC}") = "Assembly-CSharp-firstpass", "Assembly-CSharp-firstpass.csproj", "{943D105B-FB30-5DA7-9D2E-96801A0BA5BB}"
EndProject
Global
	GlobalSection(SolutionConfigurationPlatforms) = preSolution
		Debug|Any CPU = Debug|Any CPU
		Release|Any CPU = Release|Any CPU
	EndGlobalSection
	GlobalSection(ProjectConfigurationPlatforms) = postSolution
		{B2A601CB-3384-4599-E9A1-8A5DFD564AE2}.Debug|Any CPU.ActiveCfg = Debug|Any CPU
		{B2A601CB-3384-4599-E9A1-8A5DFD564AE2}.Debug|Any CPU.Build.0 = Debug|Any CPU
		{B2A601CB-3384-4599-E9A1-8A5DFD564AE2}.Release|Any CPU.ActiveCfg = Release|Any CPU
		{B2A601CB-3384-4599-E9A1-8A5DFD564AE2}.Release|Any CPU.Build.0 = Release|Any CPU
		{943D105B-FB30-5DA7-9D2E-96801A0BA5BB}.Debug|Any CPU.ActiveCfg = Debug|Any CPU
		{943D105B-FB30-5DA7-9D2E-96801A0BA5BB}.Debug|Any CPU.Build.0 = Debug|Any CPU
		{943D105B-FB30-5DA7-9D2E-96801A0BA5BB}.Release|Any CPU.ActiveCfg = Release|Any CPU
		{943D105B-FB30-5DA7-9D2E-96801A0BA5BB}.Release|Any CPU.Build.0 = Release|Any CPU
	EndGlobalSection
	GlobalSection(SolutionProperties) = preSolution
		HideSolutionNode = FALSE
	EndGlobalSection
EndGlobal
